
Microsoft Visual Studio Solution File, Format Version 12.00
Project("{FAE04EC0-301F-11D3-BF4B-00C04F79EFBC}") = "PigeonHorde", "src\PigeonHorde\PigeonHorde.csproj", "{5C258C54-876B-4C0A-8513-1762ED96F78A}"
EndProject
Project("{FAE04EC0-301F-11D3-BF4B-00C04F79EFBC}") = "TestApi", "src\TestApi\TestApi.csproj", "{69726591-9BB6-4D44-97F4-4AC17DBA2614}"
EndProject
Project("{FAE04EC0-301F-11D3-BF4B-00C04F79EFBC}") = "PigeonHorde.Tests", "src\PigeonHorde.Tests\PigeonHorde.Tests.csproj", "{C095F0E7-B307-4016-8181-1E71534A5734}"
EndProject
Project("{2150E333-8FDC-42A3-9474-1A3956D46DE8}") = "Solution Items", "Solution Items", "{2D47857D-B309-4DA2-B823-A021FB8BC91F}"
	ProjectSection(SolutionItems) = preProject
		readme.md = readme.md
		.gitignore = .gitignore
		Dockerfile = Dockerfile
		docker-entrypoint.sh = docker-entrypoint.sh
		global.json = global.json
		docker-image.yml = ../PigeonHorde/.github/workflows/docker-image.yml
	EndProjectSection
EndProject
Project("{FAE04EC0-301F-11D3-BF4B-00C04F79EFBC}") = "Performance", "src\Performance\Performance.csproj", "{3F1526FB-723B-429B-9768-9AD972CAC04F}"
EndProject
Global
	GlobalSection(SolutionConfigurationPlatforms) = preSolution
		Debug|Any CPU = Debug|Any CPU
		Release|Any CPU = Release|Any CPU
	EndGlobalSection
	GlobalSection(ProjectConfigurationPlatforms) = postSolution
		{5C258C54-876B-4C0A-8513-1762ED96F78A}.Debug|Any CPU.ActiveCfg = Debug|Any CPU
		{5C258C54-876B-4C0A-8513-1762ED96F78A}.Debug|Any CPU.Build.0 = Debug|Any CPU
		{5C258C54-876B-4C0A-8513-1762ED96F78A}.Release|Any CPU.ActiveCfg = Release|Any CPU
		{5C258C54-876B-4C0A-8513-1762ED96F78A}.Release|Any CPU.Build.0 = Release|Any CPU
		{69726591-9BB6-4D44-97F4-4AC17DBA2614}.Debug|Any CPU.ActiveCfg = Debug|Any CPU
		{69726591-9BB6-4D44-97F4-4AC17DBA2614}.Debug|Any CPU.Build.0 = Debug|Any CPU
		{69726591-9BB6-4D44-97F4-4AC17DBA2614}.Release|Any CPU.ActiveCfg = Release|Any CPU
		{69726591-9BB6-4D44-97F4-4AC17DBA2614}.Release|Any CPU.Build.0 = Release|Any CPU
		{C095F0E7-B307-4016-8181-1E71534A5734}.Debug|Any CPU.ActiveCfg = Debug|Any CPU
		{C095F0E7-B307-4016-8181-1E71534A5734}.Debug|Any CPU.Build.0 = Debug|Any CPU
		{C095F0E7-B307-4016-8181-1E71534A5734}.Release|Any CPU.ActiveCfg = Release|Any CPU
		{C095F0E7-B307-4016-8181-1E71534A5734}.Release|Any CPU.Build.0 = Release|Any CPU
		{3F1526FB-723B-429B-9768-9AD972CAC04F}.Debug|Any CPU.ActiveCfg = Debug|Any CPU
		{3F1526FB-723B-429B-9768-9AD972CAC04F}.Debug|Any CPU.Build.0 = Debug|Any CPU
		{3F1526FB-723B-429B-9768-9AD972CAC04F}.Release|Any CPU.ActiveCfg = Release|Any CPU
		{3F1526FB-723B-429B-9768-9AD972CAC04F}.Release|Any CPU.Build.0 = Release|Any CPU
	EndGlobalSection
EndGlobal
